{
  "name": "svg2iconfont",
  "version": "0.0.0",
  "lockfileVersion": 1,
  "requires": true,
  "dependencies": {
    "@types/node": {
      "version": "14.0.23",
      "resolved": "http://npm.qixin007.com/@types%2fnode/-/node-14.0.23.tgz",
      "integrity": "sha1-Z2+giDRQ7Z2guyQVYhNjYpCJKAY=",
      "dev": true
    },
    "typescript": {
      "version": "3.9.6",
      "resolved": "http://npm.qixin007.com/typescript/-/typescript-3.9.6.tgz",
      "integrity": "sha1-jz4BmKNMOuFwkbNVcdOv0xmZNlo=",
      "dev": true
    }
  }
}
